// !$*UTF8*$!
{
	archiveVersion = 1;
	classes = {
	};
	objectVersion = 56;
	objects = {

/* Begin PBXBuildFile section */
		9912849A297E9B11006B7064 /* AppDelegate.swift in Sources */ = {isa = PBXBuildFile; fileRef = 99128499297E9B11006B7064 /* AppDelegate.swift */; };
		9912849C297E9B11006B7064 /* SceneDelegate.swift in Sources */ = {isa = PBXBuildFile; fileRef = 9912849B297E9B11006B7064 /* SceneDelegate.swift */; };
		9912849E297E9B11006B7064 /* ViewController.swift in Sources */ = {isa = PBXBuildFile; fileRef = 9912849D297E9B11006B7064 /* ViewController.swift */; };
		991284A1297E9B11006B7064 /* Main.storyboard in Resources */ = {isa = PBXBuildFile; fileRef = 9912849F297E9B11006B7064 /* Main.storyboard */; };
		991284A3297E9B12006B7064 /* Assets.xcassets in Resources */ = {isa = PBXBuildFile; fileRef = 991284A2297E9B12006B7064 /* Assets.xcassets */; };
		991284A6297E9B12006B7064 /* LaunchScreen.storyboard in Resources */ = {isa = PBXBuildFile; fileRef = 991284A4297E9B12006B7064 /* LaunchScreen.storyboard */; };
		991284B1297E9B12006B7064 /* QuizTests.swift in Sources */ = {isa = PBXBuildFile; fileRef = 991284B0297E9B12006B7064 /* QuizTests.swift */; };
		991284BB297E9B12006B7064 /* QuizUITests.swift in Sources */ = {isa = PBXBuildFile; fileRef = 991284BA297E9B12006B7064 /* QuizUITests.swift */; };
		991284BD297E9B12006B7064 /* QuizUITestsLaunchTests.swift in Sources */ = {isa = PBXBuildFile; fileRef = 991284BC297E9B12006B7064 /* QuizUITestsLaunchTests.swift */; };
/* End PBXBuildFile section */

/* Begin PBXContainerItemProxy section */
		991284AD297E9B12006B7064 /* PBXContainerItemProxy */ = {
			isa = PBXContainerItemProxy;
			containerPortal = 9912848E297E9B11006B7064 /* Project object */;
			proxyType = 1;
			remoteGlobalIDString = 99128495297E9B11006B7064;
			remoteInfo = Quiz;
		};
		991284B7297E9B12006B7064 /* PBXContainerItemProxy */ = {
			isa = PBXContainerItemProxy;
			containerPortal = 9912848E297E9B11006B7064 /* Project object */;
			proxyType = 1;
			remoteGlobalIDString = 99128495297E9B11006B7064;
			remoteInfo = Quiz;
		};
/* End PBXContainerItemProxy section */

/* Begin PBXFileReference section */
		99128496297E9B11006B7064 /* Quiz.app */ = {isa = PBXFileReference; explicitFileType = wrapper.application; includeInIndex = 0; path = Quiz.app; sourceTree = BUILT_PRODUCTS_DIR; };
		99128499297E9B11006B7064 /* AppDelegate.swift */ = {isa = PBXFileReference; lastKnownFileType = sourcecode.swift; path = AppDelegate.swift; sourceTree = "<group>"; };
		9912849B297E9B11006B7064 /* SceneDelegate.swift */ = {isa = PBXFileReference; lastKnownFileType = sourcecode.swift; path = SceneDelegate.swift; sourceTree = "<group>"; };
		9912849D297E9B11006B7064 /* ViewController.swift */ = {isa = PBXFileReference; lastKnownFileType = sourcecode.swift; path = ViewController.swift; sourceTree = "<group>"; };
		991284A0297E9B11006B7064 /* Base */ = {isa = PBXFileReference; lastKnownFileType = file.storyboard; name = Base; path = Base.lproj/Main.storyboard; sourceTree = "<group>"; };
		991284A2297E9B12006B7064 /* Assets.xcassets */ = {isa = PBXFileReference; lastKnownFileType = folder.assetcatalog; path = Assets.xcassets; sourceTree = "<group>"; };
		991284A5297E9B12006B7064 /* Base */ = {isa = PBXFileReference; lastKnownFileType = file.storyboard; name = Base; path = Base.lproj/LaunchScreen.storyboard; sourceTree = "<group>"; };
		991284A7297E9B12006B7064 /* Info.plist */ = {isa = PBXFileReference; lastKnownFileType = text.plist.xml; path = Info.plist; sourceTree = "<group>"; };
		991284AC297E9B12006B7064 /* QuizTests.xctest */ = {isa = PBXFileReference; explicitFileType = wrapper.cfbundle; includeInIndex = 0; path = QuizTests.xctest; sourceTree = BUILT_PRODUCTS_DIR; };
		991284B0297E9B12006B7064 /* QuizTests.swift */ = {isa = PBXFileReference; lastKnownFileType = sourcecode.swift; path = QuizTests.swift; sourceTree = "<group>"; };
		991284B6297E9B12006B7064 /* QuizUITests.xctest */ = {isa = PBXFileReference; explicitFileType = wrapper.cfbundle; includeInIndex = 0; path = QuizUITests.xctest; sourceTree = BUILT_PRODUCTS_DIR; };
		991284BA297E9B12006B7064 /* QuizUITests.swift */ = {isa = PBXFileReference; lastKnownFileType = sourcecode.swift; path = QuizUITests.swift; sourceTree = "<group>"; };
		991284BC297E9B12006B7064 /* QuizUITestsLaunchTests.swift */ = {isa = PBXFileReference; lastKnownFileType = sourcecode.swift; path = QuizUITestsLaunchTests.swift; sourceTree = "<group>"; };
/* End PBXFileReference section */

/* Begin PBXFrameworksBuildPhase section */
		99128493297E9B11006B7064 /* Frameworks */ = {
			isa = PBXFrameworksBuildPhase;
			buildActionMask = 2147483647;
			files = (
			);
			runOnlyForDeploymentPostprocessing = 0;
		};
		991284A9297E9B12006B7064 /* Frameworks */ = {
			isa = PBXFrameworksBuildPhase;
			buildActionMask = 2147483647;
			files = (
			);
			runOnlyForDeploymentPostprocessing = 0;
		};
		991284B3297E9B12006B7064 /* Frameworks */ = {
			isa = PBXFrameworksBuildPhase;
			buildActionMask = 2147483647;
			files = (
			);
			runOnlyForDeploymentPostprocessing = 0;
		};
/* End PBXFrameworksBuildPhase section */

/* Begin PBXGroup section */
		9912848D297E9B11006B7064 = {
			isa = PBXGroup;
			children = (
				99128498297E9B11006B7064 /* Quiz */,
				991284AF297E9B12006B7064 /* QuizTests */,
				991284B9297E9B12006B7064 /* QuizUITests */,
				99128497297E9B11006B7064 /* Products */,
			);
			sourceTree = "<group>";
		};
		99128497297E9B11006B7064 /* Products */ = {
			isa = PBXGroup;
			children = (
				99128496297E9B11006B7064 /* Quiz.app */,
				991284AC297E9B12006B7064 /* QuizTests.xctest */,
				991284B6297E9B12006B7064 /* QuizUITests.xctest */,
			);
			name = Products;
			sourceTree = "<group>";
		};
		99128498297E9B11006B7064 /* Quiz */ = {
			isa = PBXGroup;
			children = (
				99128499297E9B11006B7064 /* AppDelegate.swift */,
				9912849B297E9B11006B7064 /* SceneDelegate.swift */,
				9912849D297E9B11006B7064 /* ViewController.swift */,
				9912849F297E9B11006B7064 /* Main.storyboard */,
				991284A2297E9B12006B7064 /* Assets.xcassets */,
				991284A4297E9B12006B7064 /* LaunchScreen.storyboard */,
				991284A7297E9B12006B7064 /* Info.plist */,
			);
			path = Quiz;
			sourceTree = "<group>";
		};
		991284AF297E9B12006B7064 /* QuizTests */ = {
			isa = PBXGroup;
			children = (
				991284B0297E9B12006B7064 /* QuizTests.swift */,
			);
			path = QuizTests;
			sourceTree = "<group>";
		};
		991284B9297E9B12006B7064 /* QuizUITests */ = {
			isa = PBXGroup;
			children = (
				991284BA297E9B12006B7064 /* QuizUITests.swift */,
				991284BC297E9B12006B7064 /* QuizUITestsLaunchTests.swift */,
			);
			path = QuizUITests;
			sourceTree = "<group>";
		};
/* End PBXGroup section */

/* Begin PBXNativeTarget section */
		99128495297E9B11006B7064 /* Quiz */ = {
			isa = PBXNativeTarget;
			buildConfigurationList = 991284C0297E9B12006B7064 /* Build configuration list for PBXNativeTarget "Quiz" */;
			buildPhases = (
				99128492297E9B11006B7064 /* Sources */,
				99128493297E9B11006B7064 /* Frameworks */,
				99128494297E9B11006B7064 /* Resources */,
			);
			buildRules = (
			);
			dependencies = (
			);
			name = Quiz;
			productName = Quiz;
			productReference = 99128496297E9B11006B7064 /* Quiz.app */;
			productType = "com.apple.product-type.application";
		};
		991284AB297E9B12006B7064 /* QuizTests */ = {
			isa = PBXNativeTarget;
			buildConfigurationList = 991284C3297E9B12006B7064 /* Build configuration list for PBXNativeTarget "QuizTests" */;
			buildPhases = (
				991284A8297E9B12006B7064 /* Sources */,
				991284A9297E9B12006B7064 /* Frameworks */,
				991284AA297E9B12006B7064 /* Resources */,
			);
			buildRules = (
			);
			dependencies = (
				991284AE297E9B12006B7064 /* PBXTargetDependency */,
			);
			name = QuizTests;
			productName = QuizTests;
			productReference = 991284AC297E9B12006B7064 /* QuizTests.xctest */;
			productType = "com.apple.product-type.bundle.unit-test";
		};
		991284B5297E9B12006B7064 /* QuizUITests */ = {
			isa = PBXNativeTarget;
			buildConfigurationList = 991284C6297E9B12006B7064 /* Build configuration list for PBXNativeTarget "QuizUITests" */;
			buildPhases = (
				991284B2297E9B12006B7064 /* Sources */,
				991284B3297E9B12006B7064 /* Frameworks */,
				991284B4297E9B12006B7064 /* Resources */,
			);
			buildRules = (
			);
			dependencies = (
				991284B8297E9B12006B7064 /* PBXTargetDependency */,
			);
			name = QuizUITests;
			productName = QuizUITests;
			productReference = 991284B6297E9B12006B7064 /* QuizUITests.xctest */;
			productType = "com.apple.product-type.bundle.ui-testing";
		};
/* End PBXNativeTarget section */

/* Begin PBXProject section */
		9912848E297E9B11006B7064 /* Project object */ = {
			isa = PBXProject;
			attributes = {
				BuildIndependentTargetsInParallel = 1;
				LastSwiftUpdateCheck = 1420;
				LastUpgradeCheck = 1420;
				TargetAttributes = {
					99128495297E9B11006B7064 = {
						CreatedOnToolsVersion = 14.2;
					};
					991284AB297E9B12006B7064 = {
						CreatedOnToolsVersion = 14.2;
						TestTargetID = 99128495297E9B11006B7064;
					};
					991284B5297E9B12006B7064 = {
						CreatedOnToolsVersion = 14.2;
						TestTargetID = 99128495297E9B11006B7064;
					};
				};
			};
			buildConfigurationList = 99128491297E9B11006B7064 /* Build configuration list for PBXProject "Quiz" */;
			compatibilityVersion = "Xcode 14.0";
			developmentRegion = en;
			hasScannedForEncodings = 0;
			knownRegions = (
				en,
				Base,
			);
			mainGroup = 9912848D297E9B11006B7064;
			productRefGroup = 99128497297E9B11006B7064 /* Products */;
			projectDirPath = "";
			projectRoot = "";
			targets = (
				99128495297E9B11006B7064 /* Quiz */,
				991284AB297E9B12006B7064 /* QuizTests */,
				991284B5297E9B12006B7064 /* QuizUITests */,
			);
		};
/* End PBXProject section */

/* Begin PBXResourcesBuildPhase section */
		99128494297E9B11006B7064 /* Resources */ = {
			isa = PBXResourcesBuildPhase;
			buildActionMask = 2147483647;
			files = (
				991284A6297E9B12006B7064 /* LaunchScreen.storyboard in Resources */,
				991284A3297E9B12006B7064 /* Assets.xcassets in Resources */,
				991284A1297E9B11006B7064 /* Main.storyboard in Resources */,
			);
			runOnlyForDeploymentPostprocessing = 0;
		};
		991284AA297E9B12006B7064 /* Resources */ = {
			isa = PBXResourcesBuildPhase;
			buildActionMask = 2147483647;
			files = (
			);
			runOnlyForDeploymentPostprocessing = 0;
		};
		991284B4297E9B12006B7064 /* Resources */ = {
			isa = PBXResourcesBuildPhase;
			buildActionMask = 2147483647;
			files = (
			);
			runOnlyForDeploymentPostprocessing = 0;
		};
/* End PBXResourcesBuildPhase section */

/* Begin PBXSourcesBuildPhase section */
		99128492297E9B11006B7064 /* Sources */ = {
			isa = PBXSourcesBuildPhase;
			buildActionMask = 2147483647;
			files = (
				9912849E297E9B11006B7064 /* ViewController.swift in Sources */,
				9912849A297E9B11006B7064 /* AppDelegate.swift in Sources */,
				9912849C297E9B11006B7064 /* SceneDelegate.swift in Sources */,
			);
			runOnlyForDeploymentPostprocessing = 0;
		};
		991284A8297E9B12006B7064 /* Sources */ = {
			isa = PBXSourcesBuildPhase;
			buildActionMask = 2147483647;
			files = (
				991284B1297E9B12006B7064 /* QuizTests.swift in Sources */,
			);
			runOnlyForDeploymentPostprocessing = 0;
		};
		991284B2297E9B12006B7064 /* Sources */ = {
			isa = PBXSourcesBuildPhase;
			buildActionMask = 2147483647;
			files = (
				991284BB297E9B12006B7064 /* QuizUITests.swift in Sources */,
				991284BD297E9B12006B7064 /* QuizUITestsLaunchTests.swift in Sources */,
			);
			runOnlyForDeploymentPostprocessing = 0;
		};
/* End PBXSourcesBuildPhase section */

/* Begin PBXTargetDependency section */
		991284AE297E9B12006B7064 /* PBXTargetDependency */ = {
			isa = PBXTargetDependency;
			target = 99128495297E9B11006B7064 /* Quiz */;
			targetProxy = 991284AD297E9B12006B7064 /* PBXContainerItemProxy */;
		};
		991284B8297E9B12006B7064 /* PBXTargetDependency */ = {
			isa = PBXTargetDependency;
			target = 99128495297E9B11006B7064 /* Quiz */;
			targetProxy = 991284B7297E9B12006B7064 /* PBXContainerItemProxy */;
		};
/* End PBXTargetDependency section */

/* Begin PBXVariantGroup section */
		9912849F297E9B11006B7064 /* Main.storyboard */ = {
			isa = PBXVariantGroup;
			children = (
				991284A0297E9B11006B7064 /* Base */,
			);
			name = Main.storyboard;
			sourceTree = "<group>";
		};
		991284A4297E9B12006B7064 /* LaunchScreen.storyboard */ = {
			isa = PBXVariantGroup;
			children = (
				991284A5297E9B12006B7064 /* Base */,
			);
			name = LaunchScreen.storyboard;
			sourceTree = "<group>";
		};
/* End PBXVariantGroup section */

/* Begin XCBuildConfiguration section */
		991284BE297E9B12006B7064 /* Debug */ = {
			isa = XCBuildConfiguration;
			buildSettings = {
				ALWAYS_SEARCH_USER_PATHS = NO;
				CLANG_ANALYZER_NONNULL = YES;
				CLANG_ANALYZER_NUMBER_OBJECT_CONVERSION = YES_AGGRESSIVE;
				CLANG_CXX_LANGUAGE_STANDARD = "gnu++20";
				CLANG_ENABLE_MODULES = YES;
				CLANG_ENABLE_OBJC_ARC = YES;
				CLANG_ENABLE_OBJC_WEAK = YES;
				CLANG_WARN_BLOCK_CAPTURE_AUTORELEASING = YES;
				CLANG_WARN_BOOL_CONVERSION = YES;
				CLANG_WARN_COMMA = YES;
				CLANG_WARN_CONSTANT_CONVERSION = YES;
				CLANG_WARN_DEPRECATED_OBJC_IMPLEMENTATIONS = YES;
				CLANG_WARN_DIRECT_OBJC_ISA_USAGE = YES_ERROR;
				CLANG_WARN_DOCUMENTATION_COMMENTS = YES;
				CLANG_WARN_EMPTY_BODY = YES;
				CLANG_WARN_ENUM_CONVERSION = YES;
				CLANG_WARN_INFINITE_RECURSION = YES;
				CLANG_WARN_INT_CONVERSION = YES;
				CLANG_WARN_NON_LITERAL_NULL_CONVERSION = YES;
				CLANG_WARN_OBJC_IMPLICIT_RETAIN_SELF = YES;
				CLANG_WARN_OBJC_LITERAL_CONVERSION = YES;
				CLANG_WARN_OBJC_ROOT_CLASS = YES_ERROR;
				CLANG_WARN_QUOTED_INCLUDE_IN_FRAMEWORK_HEADER = YES;
				CLANG_WARN_RANGE_LOOP_ANALYSIS = YES;
				CLANG_WARN_STRICT_PROTOTYPES = YES;
				CLANG_WARN_SUSPICIOUS_MOVE = YES;
				CLANG_WARN_UNGUARDED_AVAILABILITY = YES_AGGRESSIVE;
				CLANG_WARN_UNREACHABLE_CODE = YES;
				CLANG_WARN__DUPLICATE_METHOD_MATCH = YES;
				COPY_PHASE_STRIP = NO;
				DEBUG_INFORMATION_FORMAT = dwarf;
				ENABLE_STRICT_OBJC_MSGSEND = YES;
				ENABLE_TESTABILITY = YES;
				GCC_C_LANGUAGE_STANDARD = gnu11;
				GCC_DYNAMIC_NO_PIC = NO;
				GCC_NO_COMMON_BLOCKS = YES;
				GCC_OPTIMIZATION_LEVEL = 0;
				GCC_PREPROCESSOR_DEFINITIONS = (
					"DEBUG=1",
					"$(inherited)",
				);
				GCC_WARN_64_TO_32_BIT_CONVERSION = YES;
				GCC_WARN_ABOUT_RETURN_TYPE = YES_ERROR;
				GCC_WARN_UNDECLARED_SELECTOR = YES;
				GCC_WARN_UNINITIALIZED_AUTOS = YES_AGGRESSIVE;
				GCC_WARN_UNUSED_FUNCTION = YES;
				GCC_WARN_UNUSED_VARIABLE = YES;
				IPHONEOS_DEPLOYMENT_TARGET = 16.2;
				MTL_ENABLE_DEBUG_INFO = INCLUDE_SOURCE;
				MTL_FAST_MATH = YES;
				ONLY_ACTIVE_ARCH = YES;
				SDKROOT = iphoneos;
				SWIFT_ACTIVE_COMPILATION_CONDITIONS = DEBUG;
				SWIFT_OPTIMIZATION_LEVEL = "-Onone";
			};
			name = Debug;
		};
		991284BF297E9B12006B7064 /* Release */ = {
			isa = XCBuildConfiguration;
			buildSettings = {
				ALWAYS_SEARCH_USER_PATHS = NO;
				CLANG_ANALYZER_NONNULL = YES;
				CLANG_ANALYZER_NUMBER_OBJECT_CONVERSION = YES_AGGRESSIVE;
				CLANG_CXX_LANGUAGE_STANDARD = "gnu++20";
				CLANG_ENABLE_MODULES = YES;
				CLANG_ENABLE_OBJC_ARC = YES;
				CLANG_ENABLE_OBJC_WEAK = YES;
				CLANG_WARN_BLOCK_CAPTURE_AUTORELEASING = YES;
				CLANG_WARN_BOOL_CONVERSION = YES;
				CLANG_WARN_COMMA = YES;
				CLANG_WARN_CONSTANT_CONVERSION = YES;
				CLANG_WARN_DEPRECATED_OBJC_IMPLEMENTATIONS = YES;
				CLANG_WARN_DIRECT_OBJC_ISA_USAGE = YES_ERROR;
				CLANG_WARN_DOCUMENTATION_COMMENTS = YES;
				CLANG_WARN_EMPTY_BODY = YES;
				CLANG_WARN_ENUM_CONVERSION = YES;
				CLANG_WARN_INFINITE_RECURSION = YES;
				CLANG_WARN_INT_CONVERSION = YES;
				CLANG_WARN_NON_LITERAL_NULL_CONVERSION = YES;
				CLANG_WARN_OBJC_IMPLICIT_RETAIN_SELF = YES;
				CLANG_WARN_OBJC_LITERAL_CONVERSION = YES;
				CLANG_WARN_OBJC_ROOT_CLASS = YES_ERROR;
				CLANG_WARN_QUOTED_INCLUDE_IN_FRAMEWORK_HEADER = YES;
				CLANG_WARN_RANGE_LOOP_ANALYSIS = YES;
				CLANG_WARN_STRICT_PROTOTYPES = YES;
				CLANG_WARN_SUSPICIOUS_MOVE = YES;
				CLANG_WARN_UNGUARDED_AVAILABILITY = YES_AGGRESSIVE;
				CLANG_WARN_UNREACHABLE_CODE = YES;
				CLANG_WARN__DUPLICATE_METHOD_MATCH = YES;
				COPY_PHASE_STRIP = NO;
				DEBUG_INFORMATION_FORMAT = "dwarf-with-dsym";
				ENABLE_NS_ASSERTIONS = NO;
				ENABLE_STRICT_OBJC_MSGSEND = YES;
				GCC_C_LANGUAGE_STANDARD = gnu11;
				GCC_NO_COMMON_BLOCKS = YES;
				GCC_WARN_64_TO_32_BIT_CONVERSION = YES;
				GCC_WARN_ABOUT_RETURN_TYPE = YES_ERROR;
				GCC_WARN_UNDECLARED_SELECTOR = YES;
				GCC_WARN_UNINITIALIZED_AUTOS = YES_AGGRESSIVE;
				GCC_WARN_UNUSED_FUNCTION = YES;
				GCC_WARN_UNUSED_VARIABLE = YES;
				IPHONEOS_DEPLOYMENT_TARGET = 16.2;
				MTL_ENABLE_DEBUG_INFO = NO;
				MTL_FAST_MATH = YES;
				SDKROOT = iphoneos;
				SWIFT_COMPILATION_MODE = wholemodule;
				SWIFT_OPTIMIZATION_LEVEL = "-O";
				VALIDATE_PRODUCT = YES;
			};
			name = Release;
		};
		991284C1297E9B12006B7064 /* Debug */ = {
			isa = XCBuildConfiguration;
			buildSettings = {
				ASSETCATALOG_COMPILER_APPICON_NAME = AppIcon;
				ASSETCATALOG_COMPILER_GLOBAL_ACCENT_COLOR_NAME = AccentColor;
				CODE_SIGN_STYLE = Automatic;
				CURRENT_PROJECT_VERSION = 1;
				GENERATE_INFOPLIST_FILE = YES;
				INFOPLIST_FILE = Quiz/Info.plist;
				INFOPLIST_KEY_UIApplicationSupportsIndirectInputEvents = YES;
				INFOPLIST_KEY_UILaunchStoryboardName = Main.storyboard;
				INFOPLIST_KEY_UIMainStoryboardFile = Main;
				INFOPLIST_KEY_UISupportedInterfaceOrientations = UIInterfaceOrientationPortrait;
				INFOPLIST_KEY_UISupportedInterfaceOrientations_iPad = "UIInterfaceOrientationLandscapeLeft UIInterfaceOrientationLandscapeRight UIInterfaceOrientationPortrait UIInterfaceOrientationPortraitUpsideDown";
				LD_RUNPATH_SEARCH_PATHS = (
					"$(inherited)",
					"@executable_path/Frameworks",
				);
				MARKETING_VERSION = 1.0;
				PRODUCT_BUNDLE_IDENTIFIER = yushy.Quiz;
				PRODUCT_NAME = "$(TARGET_NAME)";
				SWIFT_EMIT_LOC_STRINGS = YES;
				SWIFT_VERSION = 5.0;
				TARGETED_DEVICE_FAMILY = "1,2";
			};
			name = Debug;
		};
		991284C2297E9B12006B7064 /* Release */ = {
			isa = XCBuildConfiguration;
			buildSettings = {
				ASSETCATALOG_COMPILER_APPICON_NAME = AppIcon;
				ASSETCATALOG_COMPILER_GLOBAL_ACCENT_COLOR_NAME = AccentColor;
				CODE_SIGN_STYLE = Automatic;
				CURRENT_PROJECT_VERSION = 1;
				GENERATE_INFOPLIST_FILE = YES;
				INFOPLIST_FILE = Quiz/Info.plist;
				INFOPLIST_KEY_UIApplicationSupportsIndirectInputEvents = YES;
				INFOPLIST_KEY_UILaunchStoryboardName = Main.storyboard;
				INFOPLIST_KEY_UIMainStoryboardFile = Main;
				INFOPLIST_KEY_UISupportedInterfaceOrientations = UIInterfaceOrientationPortrait;
				INFOPLIST_KEY_UISupportedInterfaceOrientations_iPad = "UIInterfaceOrientationLandscapeLeft UIInterfaceOrientationLandscapeRight UIInterfaceOrientationPortrait UIInterfaceOrientationPortraitUpsideDown";
				LD_RUNPATH_SEARCH_PATHS = (
					"$(inherited)",
					"@executable_path/Frameworks",
				);
				MARKETING_VERSION = 1.0;
				PRODUCT_BUNDLE_IDENTIFIER = yushy.Quiz;
				PRODUCT_NAME = "$(TARGET_NAME)";
				SWIFT_EMIT_LOC_STRINGS = YES;
				SWIFT_VERSION = 5.0;
				TARGETED_DEVICE_FAMILY = "1,2";
			};
			name = Release;
		};
		991284C4297E9B12006B7064 /* Debug */ = {
			isa = XCBuildConfiguration;
			buildSettings = {
				ALWAYS_EMBED_SWIFT_STANDARD_LIBRARIES = YES;
				BUNDLE_LOADER = "$(TEST_HOST)";
				CODE_SIGN_STYLE = Automatic;
				CURRENT_PROJECT_VERSION = 1;
				GENERATE_INFOPLIST_FILE = YES;
				IPHONEOS_DEPLOYMENT_TARGET = 16.2;
				MARKETING_VERSION = 1.0;
				PRODUCT_BUNDLE_IDENTIFIER = yushy.QuizTests;
				PRODUCT_NAME = "$(TARGET_NAME)";
				SWIFT_EMIT_LOC_STRINGS = NO;
				SWIFT_VERSION = 5.0;
				TARGETED_DEVICE_FAMILY = "1,2";
				TEST_HOST = "$(BUILT_PRODUCTS_DIR)/Quiz.app/$(BUNDLE_EXECUTABLE_FOLDER_PATH)/Quiz";
			};
			name = Debug;
		};
		991284C5297E9B12006B7064 /* Release */ = {
			isa = XCBuildConfiguration;
			buildSettings = {
				ALWAYS_EMBED_SWIFT_STANDARD_LIBRARIES = YES;
				BUNDLE_LOADER = "$(TEST_HOST)";
				CODE_SIGN_STYLE = Automatic;
				CURRENT_PROJECT_VERSION = 1;
				GENERATE_INFOPLIST_FILE = YES;
				IPHONEOS_DEPLOYMENT_TARGET = 16.2;
				MARKETING_VERSION = 1.0;
				PRODUCT_BUNDLE_IDENTIFIER = yushy.QuizTests;
				PRODUCT_NAME = "$(TARGET_NAME)";
				SWIFT_EMIT_LOC_STRINGS = NO;
				SWIFT_VERSION = 5.0;
				TARGETED_DEVICE_FAMILY = "1,2";
				TEST_HOST = "$(BUILT_PRODUCTS_DIR)/Quiz.app/$(BUNDLE_EXECUTABLE_FOLDER_PATH)/Quiz";
			};
			name = Release;
		};
		991284C7297E9B12006B7064 /* Debug */ = {
			isa = XCBuildConfiguration;
			buildSettings = {
				ALWAYS_EMBED_SWIFT_STANDARD_LIBRARIES = YES;
				CODE_SIGN_STYLE = Automatic;
				CURRENT_PROJECT_VERSION = 1;
				GENERATE_INFOPLIST_FILE = YES;
				MARKETING_VERSION = 1.0;
				PRODUCT_BUNDLE_IDENTIFIER = yushy.QuizUITests;
				PRODUCT_NAME = "$(TARGET_NAME)";
				SWIFT_EMIT_LOC_STRINGS = NO;
				SWIFT_VERSION = 5.0;
				TARGETED_DEVICE_FAMILY = "1,2";
				TEST_TARGET_NAME = Quiz;
			};
			name = Debug;
		};
		991284C8297E9B12006B7064 /* Release */ = {
			isa = XCBuildConfiguration;
			buildSettings = {
				ALWAYS_EMBED_SWIFT_STANDARD_LIBRARIES = YES;
				CODE_SIGN_STYLE = Automatic;
				CURRENT_PROJECT_VERSION = 1;
				GENERATE_INFOPLIST_FILE = YES;
				MARKETING_VERSION = 1.0;
				PRODUCT_BUNDLE_IDENTIFIER = yushy.QuizUITests;
				PRODUCT_NAME = "$(TARGET_NAME)";
				SWIFT_EMIT_LOC_STRINGS = NO;
				SWIFT_VERSION = 5.0;
				TARGETED_DEVICE_FAMILY = "1,2";
				TEST_TARGET_NAME = Quiz;
			};
			name = Release;
		};
/* End XCBuildConfiguration section */

/* Begin XCConfigurationList section */
		99128491297E9B11006B7064 /* Build configuration list for PBXProject "Quiz" */ = {
			isa = XCConfigurationList;
			buildConfigurations = (
				991284BE297E9B12006B7064 /* Debug */,
				991284BF297E9B12006B7064 /* Release */,
			);
			defaultConfigurationIsVisible = 0;
			defaultConfigurationName = Release;
		};
		991284C0297E9B12006B7064 /* Build configuration list for PBXNativeTarget "Quiz" */ = {
			isa = XCConfigurationList;
			buildConfigurations = (
				991284C1297E9B12006B7064 /* Debug */,
				991284C2297E9B12006B7064 /* Release */,
			);
			defaultConfigurationIsVisible = 0;
			defaultConfigurationName = Release;
		};
		991284C3297E9B12006B7064 /* Build configuration list for PBXNativeTarget "QuizTests" */ = {
			isa = XCConfigurationList;
			buildConfigurations = (
				991284C4297E9B12006B7064 /* Debug */,
				991284C5297E9B12006B7064 /* Release */,
			);
			defaultConfigurationIsVisible = 0;
			defaultConfigurationName = Release;
		};
		991284C6297E9B12006B7064 /* Build configuration list for PBXNativeTarget "QuizUITests" */ = {
			isa = XCConfigurationList;
			buildConfigurations = (
				991284C7297E9B12006B7064 /* Debug */,
				991284C8297E9B12006B7064 /* Release */,
			);
			defaultConfigurationIsVisible = 0;
			defaultConfigurationName = Release;
		};
/* End XCConfigurationList section */
	};
	rootObject = 9912848E297E9B11006B7064 /* Project object */;
}
